
Microsoft Visual Studio Solution File, Format Version 12.00
# Visual Studio 15
VisualStudioVersion = 15.0.26430.16
MinimumVisualStudioVersion = 10.0.40219.1
Project("{2150E333-8FDC-42A3-9474-1A3956D46DE8}") = "Solution Items", "Solution Items", "{54E575C2-7D28-48E1-91FD-694DEEB09CD0}"
	ProjectSection(SolutionItems) = preProject
		NuGetSpecs\Dapper.FastCrud.ModelGenerator.nuspec = NuGetSpecs\Dapper.FastCrud.ModelGenerator.nuspec
		NuGetSpecs\Dapper.FastCrud.nuspec = NuGetSpecs\Dapper.FastCrud.nuspec
		NuGetSpecs\GenericModelGenerator.tt = NuGetSpecs\GenericModelGenerator.tt
	EndProjectSection
EndProject
Project("{9A19103F-16F7-4668-BE54-9A1E7A4F7556}") = "Dapper.FastCrud", "Dapper.FastCrud\Dapper.FastCrud.csproj", "{A2B22949-0DB7-4130-B813-420B839774B2}"
EndProject
Project("{FAE04EC0-301F-11D3-BF4B-00C04F79EFBC}") = "Dapper.FastCrud.Tests", "Dapper.FastCrud.Tests\Dapper.FastCrud.Tests.csproj", "{0FC75C39-9EB9-445C-AC0C-E1FBF79BBDF2}"
EndProject
Project("{FAE04EC0-301F-11D3-BF4B-00C04F79EFBC}") = "Dapper.FastCrud.Benchmarks", "Dapper.FastCrud.Benchmarks\Dapper.FastCrud.Benchmarks.csproj", "{ED7BCE12-A776-437B-A1D1-9E3D3AE5A90B}"
EndProject
Project("{9A19103F-16F7-4668-BE54-9A1E7A4F7556}") = "Dapper.FastCrud.ModelGenerator", "Dapper.FastCrud.ModelGenerator\Dapper.FastCrud.ModelGenerator.csproj", "{61E1B675-C862-4AB8-828E-AE2360DDD11C}"
EndProject
Global
	GlobalSection(SolutionConfigurationPlatforms) = preSolution
		Debug|Any CPU = Debug|Any CPU
		Release|Any CPU = Release|Any CPU
	EndGlobalSection
	GlobalSection(ProjectConfigurationPlatforms) = postSolution
		{A2B22949-0DB7-4130-B813-420B839774B2}.Debug|Any CPU.ActiveCfg = Debug|Any CPU
		{A2B22949-0DB7-4130-B813-420B839774B2}.Debug|Any CPU.Build.0 = Debug|Any CPU
		{A2B22949-0DB7-4130-B813-420B839774B2}.Release|Any CPU.ActiveCfg = Release|Any CPU
		{A2B22949-0DB7-4130-B813-420B839774B2}.Release|Any CPU.Build.0 = Release|Any CPU
		{0FC75C39-9EB9-445C-AC0C-E1FBF79BBDF2}.Debug|Any CPU.ActiveCfg = Debug|Any CPU
		{0FC75C39-9EB9-445C-AC0C-E1FBF79BBDF2}.Debug|Any CPU.Build.0 = Debug|Any CPU
		{0FC75C39-9EB9-445C-AC0C-E1FBF79BBDF2}.Release|Any CPU.ActiveCfg = Release|Any CPU
		{0FC75C39-9EB9-445C-AC0C-E1FBF79BBDF2}.Release|Any CPU.Build.0 = Release|Any CPU
		{ED7BCE12-A776-437B-A1D1-9E3D3AE5A90B}.Debug|Any CPU.ActiveCfg = Debug|Any CPU
		{ED7BCE12-A776-437B-A1D1-9E3D3AE5A90B}.Debug|Any CPU.Build.0 = Debug|Any CPU
		{ED7BCE12-A776-437B-A1D1-9E3D3AE5A90B}.Release|Any CPU.ActiveCfg = Release|Any CPU
		{ED7BCE12-A776-437B-A1D1-9E3D3AE5A90B}.Release|Any CPU.Build.0 = Release|Any CPU
		{61E1B675-C862-4AB8-828E-AE2360DDD11C}.Debug|Any CPU.ActiveCfg = Debug|Any CPU
		{61E1B675-C862-4AB8-828E-AE2360DDD11C}.Debug|Any CPU.Build.0 = Debug|Any CPU
		{61E1B675-C862-4AB8-828E-AE2360DDD11C}.Release|Any CPU.ActiveCfg = Release|Any CPU
		{61E1B675-C862-4AB8-828E-AE2360DDD11C}.Release|Any CPU.Build.0 = Release|Any CPU
	EndGlobalSection
	GlobalSection(SolutionProperties) = preSolution
		HideSolutionNode = FALSE
	EndGlobalSection
EndGlobal
