
Microsoft Visual Studio Solution File, Format Version 12.00
# Visual Studio 14
VisualStudioVersion = 14.0.22823.1
MinimumVisualStudioVersion = 10.0.40219.1
Project("{FAE04EC0-301F-11D3-BF4B-00C04F79EFBC}") = "Dapper.FastCRUD", "Dapper.FastCRUD\Dapper.FastCRUD.csproj", "{0044043B-C8EC-497C-8B58-ABE028014D24}"
EndProject
Project("{FAE04EC0-301F-11D3-BF4B-00C04F79EFBC}") = "Dapper.FastCRUD.Tests", "Dapper.FastCRUD.Tests\Dapper.FastCRUD.Tests.csproj", "{A52E30BD-44B2-45EA-BE65-7D07D00A9692}"
EndProject
Global
	GlobalSection(SolutionConfigurationPlatforms) = preSolution
		Debug|Any CPU = Debug|Any CPU
		Release|Any CPU = Release|Any CPU
	EndGlobalSection
	GlobalSection(ProjectConfigurationPlatforms) = postSolution
		{0044043B-C8EC-497C-8B58-ABE028014D24}.Debug|Any CPU.ActiveCfg = Debug|Any CPU
		{0044043B-C8EC-497C-8B58-ABE028014D24}.Debug|Any CPU.Build.0 = Debug|Any CPU
		{0044043B-C8EC-497C-8B58-ABE028014D24}.Release|Any CPU.ActiveCfg = Release|Any CPU
		{0044043B-C8EC-497C-8B58-ABE028014D24}.Release|Any CPU.Build.0 = Release|Any CPU
		{A52E30BD-44B2-45EA-BE65-7D07D00A9692}.Debug|Any CPU.ActiveCfg = Debug|Any CPU
		{A52E30BD-44B2-45EA-BE65-7D07D00A9692}.Debug|Any CPU.Build.0 = Debug|Any CPU
		{A52E30BD-44B2-45EA-BE65-7D07D00A9692}.Release|Any CPU.ActiveCfg = Release|Any CPU
		{A52E30BD-44B2-45EA-BE65-7D07D00A9692}.Release|Any CPU.Build.0 = Release|Any CPU
	EndGlobalSection
	GlobalSection(SolutionProperties) = preSolution
		HideSolutionNode = FALSE
	EndGlobalSection
EndGlobal
